// !$*UTF8*$!
{
	archiveVersion = 1;
	classes = {
	};
	objectVersion = 50;
	objects = {

/* Begin PBXBuildFile section */
		5D2F87C22615C64400DC87E0 /* AppDelegate.swift in Sources */ = {isa = PBXBuildFile; fileRef = 5D2F87C12615C64400DC87E0 /* AppDelegate.swift */; };
		5D2F87C42615C64400DC87E0 /* SceneDelegate.swift in Sources */ = {isa = PBXBuildFile; fileRef = 5D2F87C32615C64400DC87E0 /* SceneDelegate.swift */; };
		5D2F87C62615C64400DC87E0 /* ViewController.swift in Sources */ = {isa = PBXBuildFile; fileRef = 5D2F87C52615C64400DC87E0 /* ViewController.swift */; };
		5D2F87C92615C64400DC87E0 /* Main.storyboard in Resources */ = {isa = PBXBuildFile; fileRef = 5D2F87C72615C64400DC87E0 /* Main.storyboard */; };
		5D2F87CC2615C64400DC87E0 /* Simple_TODO_List.xcdatamodeld in Sources */ = {isa = PBXBuildFile; fileRef = 5D2F87CA2615C64400DC87E0 /* Simple_TODO_List.xcdatamodeld */; };
		5D2F87CE2615C64500DC87E0 /* Assets.xcassets in Resources */ = {isa = PBXBuildFile; fileRef = 5D2F87CD2615C64500DC87E0 /* Assets.xcassets */; };
		5D2F87D12615C64500DC87E0 /* LaunchScreen.storyboard in Resources */ = {isa = PBXBuildFile; fileRef = 5D2F87CF2615C64500DC87E0 /* LaunchScreen.storyboard */; };
/* End PBXBuildFile section */

/* Begin PBXFileReference section */
		5D2F87BE2615C64400DC87E0 /* Simple TODO List.app */ = {isa = PBXFileReference; explicitFileType = wrapper.application; includeInIndex = 0; path = "Simple TODO List.app"; sourceTree = BUILT_PRODUCTS_DIR; };
		5D2F87C12615C64400DC87E0 /* AppDelegate.swift */ = {isa = PBXFileReference; lastKnownFileType = sourcecode.swift; path = AppDelegate.swift; sourceTree = "<group>"; };
		5D2F87C32615C64400DC87E0 /* SceneDelegate.swift */ = {isa = PBXFileReference; lastKnownFileType = sourcecode.swift; path = SceneDelegate.swift; sourceTree = "<group>"; };
		5D2F87C52615C64400DC87E0 /* ViewController.swift */ = {isa = PBXFileReference; lastKnownFileType = sourcecode.swift; path = ViewController.swift; sourceTree = "<group>"; };
		5D2F87C82615C64400DC87E0 /* Base */ = {isa = PBXFileReference; lastKnownFileType = file.storyboard; name = Base; path = Base.lproj/Main.storyboard; sourceTree = "<group>"; };
		5D2F87CB2615C64400DC87E0 /* Simple_TODO_List.xcdatamodel */ = {isa = PBXFileReference; lastKnownFileType = wrapper.xcdatamodel; path = Simple_TODO_List.xcdatamodel; sourceTree = "<group>"; };
		5D2F87CD2615C64500DC87E0 /* Assets.xcassets */ = {isa = PBXFileReference; lastKnownFileType = folder.assetcatalog; path = Assets.xcassets; sourceTree = "<group>"; };
		5D2F87D02615C64500DC87E0 /* Base */ = {isa = PBXFileReference; lastKnownFileType = file.storyboard; name = Base; path = Base.lproj/LaunchScreen.storyboard; sourceTree = "<group>"; };
		5D2F87D22615C64500DC87E0 /* Info.plist */ = {isa = PBXFileReference; lastKnownFileType = text.plist.xml; path = Info.plist; sourceTree = "<group>"; };
/* End PBXFileReference section */

/* Begin PBXFrameworksBuildPhase section */
		5D2F87BB2615C64400DC87E0 /* Frameworks */ = {
			isa = PBXFrameworksBuildPhase;
			buildActionMask = 2147483647;
			files = (
			);
			runOnlyForDeploymentPostprocessing = 0;
		};
/* End PBXFrameworksBuildPhase section */

/* Begin PBXGroup section */
		5D2F87B52615C64400DC87E0 = {
			isa = PBXGroup;
			children = (
				5D2F87C02615C64400DC87E0 /* Simple TODO List */,
				5D2F87BF2615C64400DC87E0 /* Products */,
			);
			sourceTree = "<group>";
		};
		5D2F87BF2615C64400DC87E0 /* Products */ = {
			isa = PBXGroup;
			children = (
				5D2F87BE2615C64400DC87E0 /* Simple TODO List.app */,
			);
			name = Products;
			sourceTree = "<group>";
		};
		5D2F87C02615C64400DC87E0 /* Simple TODO List */ = {
			isa = PBXGroup;
			children = (
				5D2F87C12615C64400DC87E0 /* AppDelegate.swift */,
				5D2F87C32615C64400DC87E0 /* SceneDelegate.swift */,
				5D2F87C52615C64400DC87E0 /* ViewController.swift */,
				5D2F87C72615C64400DC87E0 /* Main.storyboard */,
				5D2F87CD2615C64500DC87E0 /* Assets.xcassets */,
				5D2F87CF2615C64500DC87E0 /* LaunchScreen.storyboard */,
				5D2F87D22615C64500DC87E0 /* Info.plist */,
				5D2F87CA2615C64400DC87E0 /* Simple_TODO_List.xcdatamodeld */,
			);
			path = "Simple TODO List";
			sourceTree = "<group>";
		};
/* End PBXGroup section */

/* Begin PBXNativeTarget section */
		5D2F87BD2615C64400DC87E0 /* Simple TODO List */ = {
			isa = PBXNativeTarget;
			buildConfigurationList = 5D2F87D52615C64500DC87E0 /* Build configuration list for PBXNativeTarget "Simple TODO List" */;
			buildPhases = (
				5D2F87BA2615C64400DC87E0 /* Sources */,
				5D2F87BB2615C64400DC87E0 /* Frameworks */,
				5D2F87BC2615C64400DC87E0 /* Resources */,
			);
			buildRules = (
			);
			dependencies = (
			);
			name = "Simple TODO List";
			productName = "Simple TODO List";
			productReference = 5D2F87BE2615C64400DC87E0 /* Simple TODO List.app */;
			productType = "com.apple.product-type.application";
		};
/* End PBXNativeTarget section */

/* Begin PBXProject section */
		5D2F87B62615C64400DC87E0 /* Project object */ = {
			isa = PBXProject;
			attributes = {
				LastSwiftUpdateCheck = 1240;
				LastUpgradeCheck = 1240;
				TargetAttributes = {
					5D2F87BD2615C64400DC87E0 = {
						CreatedOnToolsVersion = 12.4;
					};
				};
			};
			buildConfigurationList = 5D2F87B92615C64400DC87E0 /* Build configuration list for PBXProject "Simple TODO List" */;
			compatibilityVersion = "Xcode 9.3";
			developmentRegion = en;
			hasScannedForEncodings = 0;
			knownRegions = (
				en,
				Base,
			);
			mainGroup = 5D2F87B52615C64400DC87E0;
			productRefGroup = 5D2F87BF2615C64400DC87E0 /* Products */;
			projectDirPath = "";
			projectRoot = "";
			targets = (
				5D2F87BD2615C64400DC87E0 /* Simple TODO List */,
			);
		};
/* End PBXProject section */

/* Begin PBXResourcesBuildPhase section */
		5D2F87BC2615C64400DC87E0 /* Resources */ = {
			isa = PBXResourcesBuildPhase;
			buildActionMask = 2147483647;
			files = (
				5D2F87D12615C64500DC87E0 /* LaunchScreen.storyboard in Resources */,
				5D2F87CE2615C64500DC87E0 /* Assets.xcassets in Resources */,
				5D2F87C92615C64400DC87E0 /* Main.storyboard in Resources */,
			);
			runOnlyForDeploymentPostprocessing = 0;
		};
/* End PBXResourcesBuildPhase section */

/* Begin PBXSourcesBuildPhase section */
		5D2F87BA2615C64400DC87E0 /* Sources */ = {
			isa = PBXSourcesBuildPhase;
			buildActionMask = 2147483647;
			files = (
				5D2F87C62615C64400DC87E0 /* ViewController.swift in Sources */,
				5D2F87C22615C64400DC87E0 /* AppDelegate.swift in Sources */,
				5D2F87C42615C64400DC87E0 /* SceneDelegate.swift in Sources */,
				5D2F87CC2615C64400DC87E0 /* Simple_TODO_List.xcdatamodeld in Sources */,
			);
			runOnlyForDeploymentPostprocessing = 0;
		};
/* End PBXSourcesBuildPhase section */

/* Begin PBXVariantGroup section */
		5D2F87C72615C64400DC87E0 /* Main.storyboard */ = {
			isa = PBXVariantGroup;
			children = (
				5D2F87C82615C64400DC87E0 /* Base */,
			);
			name = Main.storyboard;
			sourceTree = "<group>";
		};
		5D2F87CF2615C64500DC87E0 /* LaunchScreen.storyboard */ = {
			isa = PBXVariantGroup;
			children = (
				5D2F87D02615C64500DC87E0 /* Base */,
			);
			name = LaunchScreen.storyboard;
			sourceTree = "<group>";
		};
/* End PBXVariantGroup section */

/* Begin XCBuildConfiguration section */
		5D2F87D32615C64500DC87E0 /* Debug */ = {
			isa = XCBuildConfiguration;
			buildSettings = {
				ALWAYS_SEARCH_USER_PATHS = NO;
				CLANG_ANALYZER_NONNULL = YES;
				CLANG_ANALYZER_NUMBER_OBJECT_CONVERSION = YES_AGGRESSIVE;
				CLANG_CXX_LANGUAGE_STANDARD = "gnu++14";
				CLANG_CXX_LIBRARY = "libc++";
				CLANG_ENABLE_MODULES = YES;
				CLANG_ENABLE_OBJC_ARC = YES;
				CLANG_ENABLE_OBJC_WEAK = YES;
				CLANG_WARN_BLOCK_CAPTURE_AUTORELEASING = YES;
				CLANG_WARN_BOOL_CONVERSION = YES;
				CLANG_WARN_COMMA = YES;
				CLANG_WARN_CONSTANT_CONVERSION = YES;
				CLANG_WARN_DEPRECATED_OBJC_IMPLEMENTATIONS = YES;
				CLANG_WARN_DIRECT_OBJC_ISA_USAGE = YES_ERROR;
				CLANG_WARN_DOCUMENTATION_COMMENTS = YES;
				CLANG_WARN_EMPTY_BODY = YES;
				CLANG_WARN_ENUM_CONVERSION = YES;
				CLANG_WARN_INFINITE_RECURSION = YES;
				CLANG_WARN_INT_CONVERSION = YES;
				CLANG_WARN_NON_LITERAL_NULL_CONVERSION = YES;
				CLANG_WARN_OBJC_IMPLICIT_RETAIN_SELF = YES;
				CLANG_WARN_OBJC_LITERAL_CONVERSION = YES;
				CLANG_WARN_OBJC_ROOT_CLASS = YES_ERROR;
				CLANG_WARN_QUOTED_INCLUDE_IN_FRAMEWORK_HEADER = YES;
				CLANG_WARN_RANGE_LOOP_ANALYSIS = YES;
				CLANG_WARN_STRICT_PROTOTYPES = YES;
				CLANG_WARN_SUSPICIOUS_MOVE = YES;
				CLANG_WARN_UNGUARDED_AVAILABILITY = YES_AGGRESSIVE;
				CLANG_WARN_UNREACHABLE_CODE = YES;
				CLANG_WARN__DUPLICATE_METHOD_MATCH = YES;
				COPY_PHASE_STRIP = NO;
				DEBUG_INFORMATION_FORMAT = dwarf;
				ENABLE_STRICT_OBJC_MSGSEND = YES;
				ENABLE_TESTABILITY = YES;
				GCC_C_LANGUAGE_STANDARD = gnu11;
				GCC_DYNAMIC_NO_PIC = NO;
				GCC_NO_COMMON_BLOCKS = YES;
				GCC_OPTIMIZATION_LEVEL = 0;
				GCC_PREPROCESSOR_DEFINITIONS = (
					"DEBUG=1",
					"$(inherited)",
				);
				GCC_WARN_64_TO_32_BIT_CONVERSION = YES;
				GCC_WARN_ABOUT_RETURN_TYPE = YES_ERROR;
				GCC_WARN_UNDECLARED_SELECTOR = YES;
				GCC_WARN_UNINITIALIZED_AUTOS = YES_AGGRESSIVE;
				GCC_WARN_UNUSED_FUNCTION = YES;
				GCC_WARN_UNUSED_VARIABLE = YES;
				IPHONEOS_DEPLOYMENT_TARGET = 14.4;
				MTL_ENABLE_DEBUG_INFO = INCLUDE_SOURCE;
				MTL_FAST_MATH = YES;
				ONLY_ACTIVE_ARCH = YES;
				SDKROOT = iphoneos;
				SWIFT_ACTIVE_COMPILATION_CONDITIONS = DEBUG;
				SWIFT_OPTIMIZATION_LEVEL = "-Onone";
			};
			name = Debug;
		};
		5D2F87D42615C64500DC87E0 /* Release */ = {
			isa = XCBuildConfiguration;
			buildSettings = {
				ALWAYS_SEARCH_USER_PATHS = NO;
				CLANG_ANALYZER_NONNULL = YES;
				CLANG_ANALYZER_NUMBER_OBJECT_CONVERSION = YES_AGGRESSIVE;
				CLANG_CXX_LANGUAGE_STANDARD = "gnu++14";
				CLANG_CXX_LIBRARY = "libc++";
				CLANG_ENABLE_MODULES = YES;
				CLANG_ENABLE_OBJC_ARC = YES;
				CLANG_ENABLE_OBJC_WEAK = YES;
				CLANG_WARN_BLOCK_CAPTURE_AUTORELEASING = YES;
				CLANG_WARN_BOOL_CONVERSION = YES;
				CLANG_WARN_COMMA = YES;
				CLANG_WARN_CONSTANT_CONVERSION = YES;
				CLANG_WARN_DEPRECATED_OBJC_IMPLEMENTATIONS = YES;
				CLANG_WARN_DIRECT_OBJC_ISA_USAGE = YES_ERROR;
				CLANG_WARN_DOCUMENTATION_COMMENTS = YES;
				CLANG_WARN_EMPTY_BODY = YES;
				CLANG_WARN_ENUM_CONVERSION = YES;
				CLANG_WARN_INFINITE_RECURSION = YES;
				CLANG_WARN_INT_CONVERSION = YES;
				CLANG_WARN_NON_LITERAL_NULL_CONVERSION = YES;
				CLANG_WARN_OBJC_IMPLICIT_RETAIN_SELF = YES;
				CLANG_WARN_OBJC_LITERAL_CONVERSION = YES;
				CLANG_WARN_OBJC_ROOT_CLASS = YES_ERROR;
				CLANG_WARN_QUOTED_INCLUDE_IN_FRAMEWORK_HEADER = YES;
				CLANG_WARN_RANGE_LOOP_ANALYSIS = YES;
				CLANG_WARN_STRICT_PROTOTYPES = YES;
				CLANG_WARN_SUSPICIOUS_MOVE = YES;
				CLANG_WARN_UNGUARDED_AVAILABILITY = YES_AGGRESSIVE;
				CLANG_WARN_UNREACHABLE_CODE = YES;
				CLANG_WARN__DUPLICATE_METHOD_MATCH = YES;
				COPY_PHASE_STRIP = NO;
				DEBUG_INFORMATION_FORMAT = "dwarf-with-dsym";
				ENABLE_NS_ASSERTIONS = NO;
				ENABLE_STRICT_OBJC_MSGSEND = YES;
				GCC_C_LANGUAGE_STANDARD = gnu11;
				GCC_NO_COMMON_BLOCKS = YES;
				GCC_WARN_64_TO_32_BIT_CONVERSION = YES;
				GCC_WARN_ABOUT_RETURN_TYPE = YES_ERROR;
				GCC_WARN_UNDECLARED_SELECTOR = YES;
				GCC_WARN_UNINITIALIZED_AUTOS = YES_AGGRESSIVE;
				GCC_WARN_UNUSED_FUNCTION = YES;
				GCC_WARN_UNUSED_VARIABLE = YES;
				IPHONEOS_DEPLOYMENT_TARGET = 14.4;
				MTL_ENABLE_DEBUG_INFO = NO;
				MTL_FAST_MATH = YES;
				SDKROOT = iphoneos;
				SWIFT_COMPILATION_MODE = wholemodule;
				SWIFT_OPTIMIZATION_LEVEL = "-O";
				VALIDATE_PRODUCT = YES;
			};
			name = Release;
		};
		5D2F87D62615C64500DC87E0 /* Debug */ = {
			isa = XCBuildConfiguration;
			buildSettings = {
				ASSETCATALOG_COMPILER_APPICON_NAME = AppIcon;
				ASSETCATALOG_COMPILER_GLOBAL_ACCENT_COLOR_NAME = AccentColor;
				CODE_SIGN_STYLE = Automatic;
				DEVELOPMENT_TEAM = 3G24782ZXQ;
				INFOPLIST_FILE = "Simple TODO List/Info.plist";
				LD_RUNPATH_SEARCH_PATHS = (
					"$(inherited)",
					"@executable_path/Frameworks",
				);
				PRODUCT_BUNDLE_IDENTIFIER = "com.pirogman.Simple-TODO-List";
				PRODUCT_NAME = "$(TARGET_NAME)";
				SWIFT_VERSION = 5.0;
				TARGETED_DEVICE_FAMILY = "1,2";
			};
			name = Debug;
		};
		5D2F87D72615C64500DC87E0 /* Release */ = {
			isa = XCBuildConfiguration;
			buildSettings = {
				ASSETCATALOG_COMPILER_APPICON_NAME = AppIcon;
				ASSETCATALOG_COMPILER_GLOBAL_ACCENT_COLOR_NAME = AccentColor;
				CODE_SIGN_STYLE = Automatic;
				DEVELOPMENT_TEAM = 3G24782ZXQ;
				INFOPLIST_FILE = "Simple TODO List/Info.plist";
				LD_RUNPATH_SEARCH_PATHS = (
					"$(inherited)",
					"@executable_path/Frameworks",
				);
				PRODUCT_BUNDLE_IDENTIFIER = "com.pirogman.Simple-TODO-List";
				PRODUCT_NAME = "$(TARGET_NAME)";
				SWIFT_VERSION = 5.0;
				TARGETED_DEVICE_FAMILY = "1,2";
			};
			name = Release;
		};
/* End XCBuildConfiguration section */

/* Begin XCConfigurationList section */
		5D2F87B92615C64400DC87E0 /* Build configuration list for PBXProject "Simple TODO List" */ = {
			isa = XCConfigurationList;
			buildConfigurations = (
				5D2F87D32615C64500DC87E0 /* Debug */,
				5D2F87D42615C64500DC87E0 /* Release */,
			);
			defaultConfigurationIsVisible = 0;
			defaultConfigurationName = Release;
		};
		5D2F87D52615C64500DC87E0 /* Build configuration list for PBXNativeTarget "Simple TODO List" */ = {
			isa = XCConfigurationList;
			buildConfigurations = (
				5D2F87D62615C64500DC87E0 /* Debug */,
				5D2F87D72615C64500DC87E0 /* Release */,
			);
			defaultConfigurationIsVisible = 0;
			defaultConfigurationName = Release;
		};
/* End XCConfigurationList section */

/* Begin XCVersionGroup section */
		5D2F87CA2615C64400DC87E0 /* Simple_TODO_List.xcdatamodeld */ = {
			isa = XCVersionGroup;
			children = (
				5D2F87CB2615C64400DC87E0 /* Simple_TODO_List.xcdatamodel */,
			);
			currentVersion = 5D2F87CB2615C64400DC87E0 /* Simple_TODO_List.xcdatamodel */;
			path = Simple_TODO_List.xcdatamodeld;
			sourceTree = "<group>";
			versionGroupType = wrapper.xcdatamodel;
		};
/* End XCVersionGroup section */
	};
	rootObject = 5D2F87B62615C64400DC87E0 /* Project object */;
}
